
Microsoft Visual Studio Solution File, Format Version 12.00
# Visual Studio Version 17
VisualStudioVersion = 17.11.35219.272
MinimumVisualStudioVersion = 10.0.40219.1
Project("{9A19103F-16F7-4668-BE54-9A1E7A4F7556}") = "SalesGenerator", "SalesGenerator.csproj", "{AE173944-3509-4D53-81D5-4B487F23057A}"
EndProject
Global
	GlobalSection(SolutionConfigurationPlatforms) = preSolution
		Debug|Any CPU = Debug|Any CPU
		Release|Any CPU = Release|Any CPU
	EndGlobalSection
	GlobalSection(ProjectConfigurationPlatforms) = postSolution
		{AE173944-3509-4D53-81D5-4B487F23057A}.Debug|Any CPU.ActiveCfg = Debug|Any CPU
		{AE173944-3509-4D53-81D5-4B487F23057A}.Debug|Any CPU.Build.0 = Debug|Any CPU
		{AE173944-3509-4D53-81D5-4B487F23057A}.Release|Any CPU.ActiveCfg = Release|Any CPU
		{AE173944-3509-4D53-81D5-4B487F23057A}.Release|Any CPU.Build.0 = Release|Any CPU
	EndGlobalSection
	GlobalSection(SolutionProperties) = preSolution
		HideSolutionNode = FALSE
	EndGlobalSection
	GlobalSection(ExtensibilityGlobals) = postSolution
		SolutionGuid = {192646A1-8620-4168-B269-1276E9367403}
	EndGlobalSection
EndGlobal
